{
  "name": "jayfinance",
  "version": "1.0.0",
  "lockfileVersion": 1,
  "requires": true,
  "dependencies": {
    "prettier-plugin-tailwindcss": {
      "version": "0.4.1",
      "resolved": "https://registry.npmjs.org/prettier-plugin-tailwindcss/-/prettier-plugin-tailwindcss-0.4.1.tgz",
      "integrity": "sha512-hwn2EiJmv8M+AW4YDkbjJ6HlZCTzLyz1QlySn9sMuKV/Px0fjwldlB7tol8GzdgqtkdPtzT3iJ4UzdnYXP25Ag==",
      "dev": true
    }
  }
}
